
Microsoft Visual Studio Solution File, Format Version 12.00
# Visual Studio 14
VisualStudioVersion = 14.0.25420.1
MinimumVisualStudioVersion = 10.0.40219.1
Project("{FAE04EC0-301F-11D3-BF4B-00C04F79EFBC}") = "BossrMobile", "BossrMobile\BossrMobile\BossrMobile.csproj", "{EBEBACDA-E98A-48D8-A817-F1DAF8448DC4}"
EndProject
Project("{FAE04EC0-301F-11D3-BF4B-00C04F79EFBC}") = "BossrMobile.Droid", "BossrMobile\BossrMobile.Droid\BossrMobile.Droid.csproj", "{2ECEF6AF-DE60-4521-AEC5-E8CAF4D9D991}"
EndProject
Project("{FAE04EC0-301F-11D3-BF4B-00C04F79EFBC}") = "BossrMobile.iOS", "BossrMobile\BossrMobile.iOS\BossrMobile.iOS.csproj", "{245C0836-9A84-45BE-8ABE-E75617204C2F}"
EndProject
Project("{FAE04EC0-301F-11D3-BF4B-00C04F79EFBC}") = "BossrMobile.WinPhone", "BossrMobile\BossrMobile.WinPhone\BossrMobile.WinPhone.csproj", "{A84B9253-6026-43A0-8D34-62690015DD68}"
EndProject
Project("{FAE04EC0-301F-11D3-BF4B-00C04F79EFBC}") = "BossrMobile.UWP", "BossrMobile\BossrMobile.UWP\BossrMobile.UWP.csproj", "{FF4652CC-7383-405E-989D-0EEE1350223E}"
EndProject
Project("{FAE04EC0-301F-11D3-BF4B-00C04F79EFBC}") = "BossrMobile.Windows", "BossrMobile\BossrMobile.Windows\BossrMobile.Windows.csproj", "{09F03A4A-FB76-44BD-94D6-839B2B4E63F5}"
EndProject
Global
	GlobalSection(SolutionConfigurationPlatforms) = preSolution
		Ad-Hoc|Any CPU = Ad-Hoc|Any CPU
		Ad-Hoc|ARM = Ad-Hoc|ARM
		Ad-Hoc|iPhone = Ad-Hoc|iPhone
		Ad-Hoc|iPhoneSimulator = Ad-Hoc|iPhoneSimulator
		Ad-Hoc|x64 = Ad-Hoc|x64
		Ad-Hoc|x86 = Ad-Hoc|x86
		AppStore|Any CPU = AppStore|Any CPU
		AppStore|ARM = AppStore|ARM
		AppStore|iPhone = AppStore|iPhone
		AppStore|iPhoneSimulator = AppStore|iPhoneSimulator
		AppStore|x64 = AppStore|x64
		AppStore|x86 = AppStore|x86
		Debug|Any CPU = Debug|Any CPU
		Debug|ARM = Debug|ARM
		Debug|iPhone = Debug|iPhone
		Debug|iPhoneSimulator = Debug|iPhoneSimulator
		Debug|x64 = Debug|x64
		Debug|x86 = Debug|x86
		Release|Any CPU = Release|Any CPU
		Release|ARM = Release|ARM
		Release|iPhone = Release|iPhone
		Release|iPhoneSimulator = Release|iPhoneSimulator
		Release|x64 = Release|x64
		Release|x86 = Release|x86
	EndGlobalSection
	GlobalSection(ProjectConfigurationPlatforms) = postSolution
		{EBEBACDA-E98A-48D8-A817-F1DAF8448DC4}.Ad-Hoc|Any CPU.ActiveCfg = Release|Any CPU
		{EBEBACDA-E98A-48D8-A817-F1DAF8448DC4}.Ad-Hoc|Any CPU.Build.0 = Release|Any CPU
		{EBEBACDA-E98A-48D8-A817-F1DAF8448DC4}.Ad-Hoc|ARM.ActiveCfg = Release|Any CPU
		{EBEBACDA-E98A-48D8-A817-F1DAF8448DC4}.Ad-Hoc|ARM.Build.0 = Release|Any CPU
		{EBEBACDA-E98A-48D8-A817-F1DAF8448DC4}.Ad-Hoc|iPhone.ActiveCfg = Release|Any CPU
		{EBEBACDA-E98A-48D8-A817-F1DAF8448DC4}.Ad-Hoc|iPhone.Build.0 = Release|Any CPU
		{EBEBACDA-E98A-48D8-A817-F1DAF8448DC4}.Ad-Hoc|iPhoneSimulator.ActiveCfg = Release|Any CPU
		{EBEBACDA-E98A-48D8-A817-F1DAF8448DC4}.Ad-Hoc|iPhoneSimulator.Build.0 = Release|Any CPU
		{EBEBACDA-E98A-48D8-A817-F1DAF8448DC4}.Ad-Hoc|x64.ActiveCfg = Release|Any CPU
		{EBEBACDA-E98A-48D8-A817-F1DAF8448DC4}.Ad-Hoc|x64.Build.0 = Release|Any CPU
		{EBEBACDA-E98A-48D8-A817-F1DAF8448DC4}.Ad-Hoc|x86.ActiveCfg = Release|Any CPU
		{EBEBACDA-E98A-48D8-A817-F1DAF8448DC4}.Ad-Hoc|x86.Build.0 = Release|Any CPU
		{EBEBACDA-E98A-48D8-A817-F1DAF8448DC4}.AppStore|Any CPU.ActiveCfg = Release|Any CPU
		{EBEBACDA-E98A-48D8-A817-F1DAF8448DC4}.AppStore|Any CPU.Build.0 = Release|Any CPU
		{EBEBACDA-E98A-48D8-A817-F1DAF8448DC4}.AppStore|ARM.ActiveCfg = Release|Any CPU
		{EBEBACDA-E98A-48D8-A817-F1DAF8448DC4}.AppStore|ARM.Build.0 = Release|Any CPU
		{EBEBACDA-E98A-48D8-A817-F1DAF8448DC4}.AppStore|iPhone.ActiveCfg = Release|Any CPU
		{EBEBACDA-E98A-48D8-A817-F1DAF8448DC4}.AppStore|iPhone.Build.0 = Release|Any CPU
		{EBEBACDA-E98A-48D8-A817-F1DAF8448DC4}.AppStore|iPhoneSimulator.ActiveCfg = Release|Any CPU
		{EBEBACDA-E98A-48D8-A817-F1DAF8448DC4}.AppStore|iPhoneSimulator.Build.0 = Release|Any CPU
		{EBEBACDA-E98A-48D8-A817-F1DAF8448DC4}.AppStore|x64.ActiveCfg = Release|Any CPU
		{EBEBACDA-E98A-48D8-A817-F1DAF8448DC4}.AppStore|x64.Build.0 = Release|Any CPU
		{EBEBACDA-E98A-48D8-A817-F1DAF8448DC4}.AppStore|x86.ActiveCfg = Release|Any CPU
		{EBEBACDA-E98A-48D8-A817-F1DAF8448DC4}.AppStore|x86.Build.0 = Release|Any CPU
		{EBEBACDA-E98A-48D8-A817-F1DAF8448DC4}.Debug|Any CPU.ActiveCfg = Debug|Any CPU
		{EBEBACDA-E98A-48D8-A817-F1DAF8448DC4}.Debug|Any CPU.Build.0 = Debug|Any CPU
		{EBEBACDA-E98A-48D8-A817-F1DAF8448DC4}.Debug|ARM.ActiveCfg = Debug|Any CPU
		{EBEBACDA-E98A-48D8-A817-F1DAF8448DC4}.Debug|ARM.Build.0 = Debug|Any CPU
		{EBEBACDA-E98A-48D8-A817-F1DAF8448DC4}.Debug|iPhone.ActiveCfg = Debug|Any CPU
		{EBEBACDA-E98A-48D8-A817-F1DAF8448DC4}.Debug|iPhone.Build.0 = Debug|Any CPU
		{EBEBACDA-E98A-48D8-A817-F1DAF8448DC4}.Debug|iPhoneSimulator.ActiveCfg = Debug|Any CPU
		{EBEBACDA-E98A-48D8-A817-F1DAF8448DC4}.Debug|iPhoneSimulator.Build.0 = Debug|Any CPU
		{EBEBACDA-E98A-48D8-A817-F1DAF8448DC4}.Debug|x64.ActiveCfg = Debug|Any CPU
		{EBEBACDA-E98A-48D8-A817-F1DAF8448DC4}.Debug|x64.Build.0 = Debug|Any CPU
		{EBEBACDA-E98A-48D8-A817-F1DAF8448DC4}.Debug|x86.ActiveCfg = Debug|Any CPU
		{EBEBACDA-E98A-48D8-A817-F1DAF8448DC4}.Debug|x86.Build.0 = Debug|Any CPU
		{EBEBACDA-E98A-48D8-A817-F1DAF8448DC4}.Release|Any CPU.ActiveCfg = Release|Any CPU
		{EBEBACDA-E98A-48D8-A817-F1DAF8448DC4}.Release|Any CPU.Build.0 = Release|Any CPU
		{EBEBACDA-E98A-48D8-A817-F1DAF8448DC4}.Release|ARM.ActiveCfg = Release|Any CPU
		{EBEBACDA-E98A-48D8-A817-F1DAF8448DC4}.Release|ARM.Build.0 = Release|Any CPU
		{EBEBACDA-E98A-48D8-A817-F1DAF8448DC4}.Release|iPhone.ActiveCfg = Release|Any CPU
		{EBEBACDA-E98A-48D8-A817-F1DAF8448DC4}.Release|iPhone.Build.0 = Release|Any CPU
		{EBEBACDA-E98A-48D8-A817-F1DAF8448DC4}.Release|iPhoneSimulator.ActiveCfg = Release|Any CPU
		{EBEBACDA-E98A-48D8-A817-F1DAF8448DC4}.Release|iPhoneSimulator.Build.0 = Release|Any CPU
		{EBEBACDA-E98A-48D8-A817-F1DAF8448DC4}.Release|x64.ActiveCfg = Release|Any CPU
		{EBEBACDA-E98A-48D8-A817-F1DAF8448DC4}.Release|x64.Build.0 = Release|Any CPU
		{EBEBACDA-E98A-48D8-A817-F1DAF8448DC4}.Release|x86.ActiveCfg = Release|Any CPU
		{EBEBACDA-E98A-48D8-A817-F1DAF8448DC4}.Release|x86.Build.0 = Release|Any CPU
		{2ECEF6AF-DE60-4521-AEC5-E8CAF4D9D991}.Ad-Hoc|Any CPU.ActiveCfg = Release|Any CPU
		{2ECEF6AF-DE60-4521-AEC5-E8CAF4D9D991}.Ad-Hoc|Any CPU.Build.0 = Release|Any CPU
		{2ECEF6AF-DE60-4521-AEC5-E8CAF4D9D991}.Ad-Hoc|Any CPU.Deploy.0 = Release|Any CPU
		{2ECEF6AF-DE60-4521-AEC5-E8CAF4D9D991}.Ad-Hoc|ARM.ActiveCfg = Release|Any CPU
		{2ECEF6AF-DE60-4521-AEC5-E8CAF4D9D991}.Ad-Hoc|ARM.Build.0 = Release|Any CPU
		{2ECEF6AF-DE60-4521-AEC5-E8CAF4D9D991}.Ad-Hoc|ARM.Deploy.0 = Release|Any CPU
		{2ECEF6AF-DE60-4521-AEC5-E8CAF4D9D991}.Ad-Hoc|iPhone.ActiveCfg = Release|Any CPU
		{2ECEF6AF-DE60-4521-AEC5-E8CAF4D9D991}.Ad-Hoc|iPhone.Build.0 = Release|Any CPU
		{2ECEF6AF-DE60-4521-AEC5-E8CAF4D9D991}.Ad-Hoc|iPhone.Deploy.0 = Release|Any CPU
		{2ECEF6AF-DE60-4521-AEC5-E8CAF4D9D991}.Ad-Hoc|iPhoneSimulator.ActiveCfg = Release|Any CPU
		{2ECEF6AF-DE60-4521-AEC5-E8CAF4D9D991}.Ad-Hoc|iPhoneSimulator.Build.0 = Release|Any CPU
		{2ECEF6AF-DE60-4521-AEC5-E8CAF4D9D991}.Ad-Hoc|iPhoneSimulator.Deploy.0 = Release|Any CPU
		{2ECEF6AF-DE60-4521-AEC5-E8CAF4D9D991}.Ad-Hoc|x64.ActiveCfg = Release|Any CPU
		{2ECEF6AF-DE60-4521-AEC5-E8CAF4D9D991}.Ad-Hoc|x64.Build.0 = Release|Any CPU
		{2ECEF6AF-DE60-4521-AEC5-E8CAF4D9D991}.Ad-Hoc|x64.Deploy.0 = Release|Any CPU
		{2ECEF6AF-DE60-4521-AEC5-E8CAF4D9D991}.Ad-Hoc|x86.ActiveCfg = Release|Any CPU
		{2ECEF6AF-DE60-4521-AEC5-E8CAF4D9D991}.Ad-Hoc|x86.Build.0 = Release|Any CPU
		{2ECEF6AF-DE60-4521-AEC5-E8CAF4D9D991}.Ad-Hoc|x86.Deploy.0 = Release|Any CPU
		{2ECEF6AF-DE60-4521-AEC5-E8CAF4D9D991}.AppStore|Any CPU.ActiveCfg = Release|Any CPU
		{2ECEF6AF-DE60-4521-AEC5-E8CAF4D9D991}.AppStore|Any CPU.Build.0 = Release|Any CPU
		{2ECEF6AF-DE60-4521-AEC5-E8CAF4D9D991}.AppStore|Any CPU.Deploy.0 = Release|Any CPU
		{2ECEF6AF-DE60-4521-AEC5-E8CAF4D9D991}.AppStore|ARM.ActiveCfg = Release|Any CPU
		{2ECEF6AF-DE60-4521-AEC5-E8CAF4D9D991}.AppStore|ARM.Build.0 = Release|Any CPU
		{2ECEF6AF-DE60-4521-AEC5-E8CAF4D9D991}.AppStore|ARM.Deploy.0 = Release|Any CPU
		{2ECEF6AF-DE60-4521-AEC5-E8CAF4D9D991}.AppStore|iPhone.ActiveCfg = Release|Any CPU
		{2ECEF6AF-DE60-4521-AEC5-E8CAF4D9D991}.AppStore|iPhone.Build.0 = Release|Any CPU
		{2ECEF6AF-DE60-4521-AEC5-E8CAF4D9D991}.AppStore|iPhone.Deploy.0 = Release|Any CPU
		{2ECEF6AF-DE60-4521-AEC5-E8CAF4D9D991}.AppStore|iPhoneSimulator.ActiveCfg = Release|Any CPU
		{2ECEF6AF-DE60-4521-AEC5-E8CAF4D9D991}.AppStore|iPhoneSimulator.Build.0 = Release|Any CPU
		{2ECEF6AF-DE60-4521-AEC5-E8CAF4D9D991}.AppStore|iPhoneSimulator.Deploy.0 = Release|Any CPU
		{2ECEF6AF-DE60-4521-AEC5-E8CAF4D9D991}.AppStore|x64.ActiveCfg = Release|Any CPU
		{2ECEF6AF-DE60-4521-AEC5-E8CAF4D9D991}.AppStore|x64.Build.0 = Release|Any CPU
		{2ECEF6AF-DE60-4521-AEC5-E8CAF4D9D991}.AppStore|x64.Deploy.0 = Release|Any CPU
		{2ECEF6AF-DE60-4521-AEC5-E8CAF4D9D991}.AppStore|x86.ActiveCfg = Release|Any CPU
		{2ECEF6AF-DE60-4521-AEC5-E8CAF4D9D991}.AppStore|x86.Build.0 = Release|Any CPU
		{2ECEF6AF-DE60-4521-AEC5-E8CAF4D9D991}.AppStore|x86.Deploy.0 = Release|Any CPU
		{2ECEF6AF-DE60-4521-AEC5-E8CAF4D9D991}.Debug|Any CPU.ActiveCfg = Debug|Any CPU
		{2ECEF6AF-DE60-4521-AEC5-E8CAF4D9D991}.Debug|Any CPU.Build.0 = Debug|Any CPU
		{2ECEF6AF-DE60-4521-AEC5-E8CAF4D9D991}.Debug|Any CPU.Deploy.0 = Debug|Any CPU
		{2ECEF6AF-DE60-4521-AEC5-E8CAF4D9D991}.Debug|ARM.ActiveCfg = Debug|Any CPU
		{2ECEF6AF-DE60-4521-AEC5-E8CAF4D9D991}.Debug|ARM.Build.0 = Debug|Any CPU
		{2ECEF6AF-DE60-4521-AEC5-E8CAF4D9D991}.Debug|ARM.Deploy.0 = Debug|Any CPU
		{2ECEF6AF-DE60-4521-AEC5-E8CAF4D9D991}.Debug|iPhone.ActiveCfg = Debug|Any CPU
		{2ECEF6AF-DE60-4521-AEC5-E8CAF4D9D991}.Debug|iPhone.Build.0 = Debug|Any CPU
		{2ECEF6AF-DE60-4521-AEC5-E8CAF4D9D991}.Debug|iPhone.Deploy.0 = Debug|Any CPU
		{2ECEF6AF-DE60-4521-AEC5-E8CAF4D9D991}.Debug|iPhoneSimulator.ActiveCfg = Debug|Any CPU
		{2ECEF6AF-DE60-4521-AEC5-E8CAF4D9D991}.Debug|iPhoneSimulator.Build.0 = Debug|Any CPU
		{2ECEF6AF-DE60-4521-AEC5-E8CAF4D9D991}.Debug|iPhoneSimulator.Deploy.0 = Debug|Any CPU
		{2ECEF6AF-DE60-4521-AEC5-E8CAF4D9D991}.Debug|x64.ActiveCfg = Debug|Any CPU
		{2ECEF6AF-DE60-4521-AEC5-E8CAF4D9D991}.Debug|x64.Build.0 = Debug|Any CPU
		{2ECEF6AF-DE60-4521-AEC5-E8CAF4D9D991}.Debug|x64.Deploy.0 = Debug|Any CPU
		{2ECEF6AF-DE60-4521-AEC5-E8CAF4D9D991}.Debug|x86.ActiveCfg = Debug|Any CPU
		{2ECEF6AF-DE60-4521-AEC5-E8CAF4D9D991}.Debug|x86.Build.0 = Debug|Any CPU
		{2ECEF6AF-DE60-4521-AEC5-E8CAF4D9D991}.Debug|x86.Deploy.0 = Debug|Any CPU
		{2ECEF6AF-DE60-4521-AEC5-E8CAF4D9D991}.Release|Any CPU.ActiveCfg = Release|Any CPU
		{2ECEF6AF-DE60-4521-AEC5-E8CAF4D9D991}.Release|Any CPU.Build.0 = Release|Any CPU
		{2ECEF6AF-DE60-4521-AEC5-E8CAF4D9D991}.Release|Any CPU.Deploy.0 = Release|Any CPU
		{2ECEF6AF-DE60-4521-AEC5-E8CAF4D9D991}.Release|ARM.ActiveCfg = Release|Any CPU
		{2ECEF6AF-DE60-4521-AEC5-E8CAF4D9D991}.Release|ARM.Build.0 = Release|Any CPU
		{2ECEF6AF-DE60-4521-AEC5-E8CAF4D9D991}.Release|ARM.Deploy.0 = Release|Any CPU
		{2ECEF6AF-DE60-4521-AEC5-E8CAF4D9D991}.Release|iPhone.ActiveCfg = Release|Any CPU
		{2ECEF6AF-DE60-4521-AEC5-E8CAF4D9D991}.Release|iPhone.Build.0 = Release|Any CPU
		{2ECEF6AF-DE60-4521-AEC5-E8CAF4D9D991}.Release|iPhone.Deploy.0 = Release|Any CPU
		{2ECEF6AF-DE60-4521-AEC5-E8CAF4D9D991}.Release|iPhoneSimulator.ActiveCfg = Release|Any CPU
		{2ECEF6AF-DE60-4521-AEC5-E8CAF4D9D991}.Release|iPhoneSimulator.Build.0 = Release|Any CPU
		{2ECEF6AF-DE60-4521-AEC5-E8CAF4D9D991}.Release|iPhoneSimulator.Deploy.0 = Release|Any CPU
		{2ECEF6AF-DE60-4521-AEC5-E8CAF4D9D991}.Release|x64.ActiveCfg = Release|Any CPU
		{2ECEF6AF-DE60-4521-AEC5-E8CAF4D9D991}.Release|x64.Build.0 = Release|Any CPU
		{2ECEF6AF-DE60-4521-AEC5-E8CAF4D9D991}.Release|x64.Deploy.0 = Release|Any CPU
		{2ECEF6AF-DE60-4521-AEC5-E8CAF4D9D991}.Release|x86.ActiveCfg = Release|Any CPU
		{2ECEF6AF-DE60-4521-AEC5-E8CAF4D9D991}.Release|x86.Build.0 = Release|Any CPU
		{2ECEF6AF-DE60-4521-AEC5-E8CAF4D9D991}.Release|x86.Deploy.0 = Release|Any CPU
		{245C0836-9A84-45BE-8ABE-E75617204C2F}.Ad-Hoc|Any CPU.ActiveCfg = Ad-Hoc|iPhone
		{245C0836-9A84-45BE-8ABE-E75617204C2F}.Ad-Hoc|ARM.ActiveCfg = Ad-Hoc|iPhone
		{245C0836-9A84-45BE-8ABE-E75617204C2F}.Ad-Hoc|iPhone.ActiveCfg = Ad-Hoc|iPhone
		{245C0836-9A84-45BE-8ABE-E75617204C2F}.Ad-Hoc|iPhone.Build.0 = Ad-Hoc|iPhone
		{245C0836-9A84-45BE-8ABE-E75617204C2F}.Ad-Hoc|iPhoneSimulator.ActiveCfg = Ad-Hoc|iPhoneSimulator
		{245C0836-9A84-45BE-8ABE-E75617204C2F}.Ad-Hoc|iPhoneSimulator.Build.0 = Ad-Hoc|iPhoneSimulator
		{245C0836-9A84-45BE-8ABE-E75617204C2F}.Ad-Hoc|x64.ActiveCfg = Ad-Hoc|iPhone
		{245C0836-9A84-45BE-8ABE-E75617204C2F}.Ad-Hoc|x86.ActiveCfg = Ad-Hoc|iPhone
		{245C0836-9A84-45BE-8ABE-E75617204C2F}.AppStore|Any CPU.ActiveCfg = AppStore|iPhone
		{245C0836-9A84-45BE-8ABE-E75617204C2F}.AppStore|ARM.ActiveCfg = AppStore|iPhone
		{245C0836-9A84-45BE-8ABE-E75617204C2F}.AppStore|iPhone.ActiveCfg = AppStore|iPhone
		{245C0836-9A84-45BE-8ABE-E75617204C2F}.AppStore|iPhone.Build.0 = AppStore|iPhone
		{245C0836-9A84-45BE-8ABE-E75617204C2F}.AppStore|iPhoneSimulator.ActiveCfg = AppStore|iPhoneSimulator
		{245C0836-9A84-45BE-8ABE-E75617204C2F}.AppStore|iPhoneSimulator.Build.0 = AppStore|iPhoneSimulator
		{245C0836-9A84-45BE-8ABE-E75617204C2F}.AppStore|x64.ActiveCfg = AppStore|iPhone
		{245C0836-9A84-45BE-8ABE-E75617204C2F}.AppStore|x86.ActiveCfg = AppStore|iPhone
		{245C0836-9A84-45BE-8ABE-E75617204C2F}.Debug|Any CPU.ActiveCfg = Debug|iPhone
		{245C0836-9A84-45BE-8ABE-E75617204C2F}.Debug|ARM.ActiveCfg = Debug|iPhone
		{245C0836-9A84-45BE-8ABE-E75617204C2F}.Debug|iPhone.ActiveCfg = Debug|iPhone
		{245C0836-9A84-45BE-8ABE-E75617204C2F}.Debug|iPhone.Build.0 = Debug|iPhone
		{245C0836-9A84-45BE-8ABE-E75617204C2F}.Debug|iPhoneSimulator.ActiveCfg = Debug|iPhoneSimulator
		{245C0836-9A84-45BE-8ABE-E75617204C2F}.Debug|iPhoneSimulator.Build.0 = Debug|iPhoneSimulator
		{245C0836-9A84-45BE-8ABE-E75617204C2F}.Debug|x64.ActiveCfg = Debug|iPhone
		{245C0836-9A84-45BE-8ABE-E75617204C2F}.Debug|x86.ActiveCfg = Debug|iPhone
		{245C0836-9A84-45BE-8ABE-E75617204C2F}.Release|Any CPU.ActiveCfg = Release|iPhone
		{245C0836-9A84-45BE-8ABE-E75617204C2F}.Release|ARM.ActiveCfg = Release|iPhone
		{245C0836-9A84-45BE-8ABE-E75617204C2F}.Release|iPhone.ActiveCfg = Release|iPhone
		{245C0836-9A84-45BE-8ABE-E75617204C2F}.Release|iPhone.Build.0 = Release|iPhone
		{245C0836-9A84-45BE-8ABE-E75617204C2F}.Release|iPhoneSimulator.ActiveCfg = Release|iPhoneSimulator
		{245C0836-9A84-45BE-8ABE-E75617204C2F}.Release|iPhoneSimulator.Build.0 = Release|iPhoneSimulator
		{245C0836-9A84-45BE-8ABE-E75617204C2F}.Release|x64.ActiveCfg = Release|iPhone
		{245C0836-9A84-45BE-8ABE-E75617204C2F}.Release|x86.ActiveCfg = Release|iPhone
		{A84B9253-6026-43A0-8D34-62690015DD68}.Ad-Hoc|Any CPU.ActiveCfg = Release|Any CPU
		{A84B9253-6026-43A0-8D34-62690015DD68}.Ad-Hoc|Any CPU.Build.0 = Release|Any CPU
		{A84B9253-6026-43A0-8D34-62690015DD68}.Ad-Hoc|Any CPU.Deploy.0 = Release|Any CPU
		{A84B9253-6026-43A0-8D34-62690015DD68}.Ad-Hoc|ARM.ActiveCfg = Release|ARM
		{A84B9253-6026-43A0-8D34-62690015DD68}.Ad-Hoc|ARM.Build.0 = Release|ARM
		{A84B9253-6026-43A0-8D34-62690015DD68}.Ad-Hoc|ARM.Deploy.0 = Release|ARM
		{A84B9253-6026-43A0-8D34-62690015DD68}.Ad-Hoc|iPhone.ActiveCfg = Release|Any CPU
		{A84B9253-6026-43A0-8D34-62690015DD68}.Ad-Hoc|iPhone.Build.0 = Release|Any CPU
		{A84B9253-6026-43A0-8D34-62690015DD68}.Ad-Hoc|iPhone.Deploy.0 = Release|Any CPU
		{A84B9253-6026-43A0-8D34-62690015DD68}.Ad-Hoc|iPhoneSimulator.ActiveCfg = Release|Any CPU
		{A84B9253-6026-43A0-8D34-62690015DD68}.Ad-Hoc|iPhoneSimulator.Build.0 = Release|Any CPU
		{A84B9253-6026-43A0-8D34-62690015DD68}.Ad-Hoc|iPhoneSimulator.Deploy.0 = Release|Any CPU
		{A84B9253-6026-43A0-8D34-62690015DD68}.Ad-Hoc|x64.ActiveCfg = Release|Any CPU
		{A84B9253-6026-43A0-8D34-62690015DD68}.Ad-Hoc|x64.Build.0 = Release|Any CPU
		{A84B9253-6026-43A0-8D34-62690015DD68}.Ad-Hoc|x64.Deploy.0 = Release|Any CPU
		{A84B9253-6026-43A0-8D34-62690015DD68}.Ad-Hoc|x86.ActiveCfg = Release|x86
		{A84B9253-6026-43A0-8D34-62690015DD68}.Ad-Hoc|x86.Build.0 = Release|x86
		{A84B9253-6026-43A0-8D34-62690015DD68}.Ad-Hoc|x86.Deploy.0 = Release|x86
		{A84B9253-6026-43A0-8D34-62690015DD68}.AppStore|Any CPU.ActiveCfg = Release|Any CPU
		{A84B9253-6026-43A0-8D34-62690015DD68}.AppStore|Any CPU.Build.0 = Release|Any CPU
		{A84B9253-6026-43A0-8D34-62690015DD68}.AppStore|Any CPU.Deploy.0 = Release|Any CPU
		{A84B9253-6026-43A0-8D34-62690015DD68}.AppStore|ARM.ActiveCfg = Release|ARM
		{A84B9253-6026-43A0-8D34-62690015DD68}.AppStore|ARM.Build.0 = Release|ARM
		{A84B9253-6026-43A0-8D34-62690015DD68}.AppStore|ARM.Deploy.0 = Release|ARM
		{A84B9253-6026-43A0-8D34-62690015DD68}.AppStore|iPhone.ActiveCfg = Release|Any CPU
		{A84B9253-6026-43A0-8D34-62690015DD68}.AppStore|iPhone.Build.0 = Release|Any CPU
		{A84B9253-6026-43A0-8D34-62690015DD68}.AppStore|iPhone.Deploy.0 = Release|Any CPU
		{A84B9253-6026-43A0-8D34-62690015DD68}.AppStore|iPhoneSimulator.ActiveCfg = Release|Any CPU
		{A84B9253-6026-43A0-8D34-62690015DD68}.AppStore|iPhoneSimulator.Build.0 = Release|Any CPU
		{A84B9253-6026-43A0-8D34-62690015DD68}.AppStore|iPhoneSimulator.Deploy.0 = Release|Any CPU
		{A84B9253-6026-43A0-8D34-62690015DD68}.AppStore|x64.ActiveCfg = Release|Any CPU
		{A84B9253-6026-43A0-8D34-62690015DD68}.AppStore|x64.Build.0 = Release|Any CPU
		{A84B9253-6026-43A0-8D34-62690015DD68}.AppStore|x64.Deploy.0 = Release|Any CPU
		{A84B9253-6026-43A0-8D34-62690015DD68}.AppStore|x86.ActiveCfg = Release|x86
		{A84B9253-6026-43A0-8D34-62690015DD68}.AppStore|x86.Build.0 = Release|x86
		{A84B9253-6026-43A0-8D34-62690015DD68}.AppStore|x86.Deploy.0 = Release|x86
		{A84B9253-6026-43A0-8D34-62690015DD68}.Debug|Any CPU.ActiveCfg = Debug|Any CPU
		{A84B9253-6026-43A0-8D34-62690015DD68}.Debug|Any CPU.Build.0 = Debug|Any CPU
		{A84B9253-6026-43A0-8D34-62690015DD68}.Debug|Any CPU.Deploy.0 = Debug|Any CPU
		{A84B9253-6026-43A0-8D34-62690015DD68}.Debug|ARM.ActiveCfg = Debug|ARM
		{A84B9253-6026-43A0-8D34-62690015DD68}.Debug|ARM.Build.0 = Debug|ARM
		{A84B9253-6026-43A0-8D34-62690015DD68}.Debug|ARM.Deploy.0 = Debug|ARM
		{A84B9253-6026-43A0-8D34-62690015DD68}.Debug|iPhone.ActiveCfg = Debug|Any CPU
		{A84B9253-6026-43A0-8D34-62690015DD68}.Debug|iPhone.Build.0 = Debug|Any CPU
		{A84B9253-6026-43A0-8D34-62690015DD68}.Debug|iPhone.Deploy.0 = Debug|Any CPU
		{A84B9253-6026-43A0-8D34-62690015DD68}.Debug|iPhoneSimulator.ActiveCfg = Debug|Any CPU
		{A84B9253-6026-43A0-8D34-62690015DD68}.Debug|iPhoneSimulator.Build.0 = Debug|Any CPU
		{A84B9253-6026-43A0-8D34-62690015DD68}.Debug|iPhoneSimulator.Deploy.0 = Debug|Any CPU
		{A84B9253-6026-43A0-8D34-62690015DD68}.Debug|x64.ActiveCfg = Debug|Any CPU
		{A84B9253-6026-43A0-8D34-62690015DD68}.Debug|x64.Build.0 = Debug|Any CPU
		{A84B9253-6026-43A0-8D34-62690015DD68}.Debug|x64.Deploy.0 = Debug|Any CPU
		{A84B9253-6026-43A0-8D34-62690015DD68}.Debug|x86.ActiveCfg = Debug|x86
		{A84B9253-6026-43A0-8D34-62690015DD68}.Debug|x86.Build.0 = Debug|x86
		{A84B9253-6026-43A0-8D34-62690015DD68}.Debug|x86.Deploy.0 = Debug|x86
		{A84B9253-6026-43A0-8D34-62690015DD68}.Release|Any CPU.ActiveCfg = Release|Any CPU
		{A84B9253-6026-43A0-8D34-62690015DD68}.Release|Any CPU.Build.0 = Release|Any CPU
		{A84B9253-6026-43A0-8D34-62690015DD68}.Release|Any CPU.Deploy.0 = Release|Any CPU
		{A84B9253-6026-43A0-8D34-62690015DD68}.Release|ARM.ActiveCfg = Release|ARM
		{A84B9253-6026-43A0-8D34-62690015DD68}.Release|ARM.Build.0 = Release|ARM
		{A84B9253-6026-43A0-8D34-62690015DD68}.Release|ARM.Deploy.0 = Release|ARM
		{A84B9253-6026-43A0-8D34-62690015DD68}.Release|iPhone.ActiveCfg = Release|Any CPU
		{A84B9253-6026-43A0-8D34-62690015DD68}.Release|iPhone.Build.0 = Release|Any CPU
		{A84B9253-6026-43A0-8D34-62690015DD68}.Release|iPhone.Deploy.0 = Release|Any CPU
		{A84B9253-6026-43A0-8D34-62690015DD68}.Release|iPhoneSimulator.ActiveCfg = Release|Any CPU
		{A84B9253-6026-43A0-8D34-62690015DD68}.Release|iPhoneSimulator.Build.0 = Release|Any CPU
		{A84B9253-6026-43A0-8D34-62690015DD68}.Release|iPhoneSimulator.Deploy.0 = Release|Any CPU
		{A84B9253-6026-43A0-8D34-62690015DD68}.Release|x64.ActiveCfg = Release|Any CPU
		{A84B9253-6026-43A0-8D34-62690015DD68}.Release|x64.Build.0 = Release|Any CPU
		{A84B9253-6026-43A0-8D34-62690015DD68}.Release|x64.Deploy.0 = Release|Any CPU
		{A84B9253-6026-43A0-8D34-62690015DD68}.Release|x86.ActiveCfg = Release|x86
		{A84B9253-6026-43A0-8D34-62690015DD68}.Release|x86.Build.0 = Release|x86
		{A84B9253-6026-43A0-8D34-62690015DD68}.Release|x86.Deploy.0 = Release|x86
		{FF4652CC-7383-405E-989D-0EEE1350223E}.Ad-Hoc|Any CPU.ActiveCfg = Release|x86
		{FF4652CC-7383-405E-989D-0EEE1350223E}.Ad-Hoc|Any CPU.Build.0 = Release|x86
		{FF4652CC-7383-405E-989D-0EEE1350223E}.Ad-Hoc|Any CPU.Deploy.0 = Release|x86
		{FF4652CC-7383-405E-989D-0EEE1350223E}.Ad-Hoc|ARM.ActiveCfg = Release|ARM
		{FF4652CC-7383-405E-989D-0EEE1350223E}.Ad-Hoc|ARM.Build.0 = Release|ARM
		{FF4652CC-7383-405E-989D-0EEE1350223E}.Ad-Hoc|ARM.Deploy.0 = Release|ARM
		{FF4652CC-7383-405E-989D-0EEE1350223E}.Ad-Hoc|iPhone.ActiveCfg = Release|x86
		{FF4652CC-7383-405E-989D-0EEE1350223E}.Ad-Hoc|iPhone.Build.0 = Release|x86
		{FF4652CC-7383-405E-989D-0EEE1350223E}.Ad-Hoc|iPhone.Deploy.0 = Release|x86
		{FF4652CC-7383-405E-989D-0EEE1350223E}.Ad-Hoc|iPhoneSimulator.ActiveCfg = Release|x86
		{FF4652CC-7383-405E-989D-0EEE1350223E}.Ad-Hoc|iPhoneSimulator.Build.0 = Release|x86
		{FF4652CC-7383-405E-989D-0EEE1350223E}.Ad-Hoc|iPhoneSimulator.Deploy.0 = Release|x86
		{FF4652CC-7383-405E-989D-0EEE1350223E}.Ad-Hoc|x64.ActiveCfg = Release|x64
		{FF4652CC-7383-405E-989D-0EEE1350223E}.Ad-Hoc|x64.Build.0 = Release|x64
		{FF4652CC-7383-405E-989D-0EEE1350223E}.Ad-Hoc|x64.Deploy.0 = Release|x64
		{FF4652CC-7383-405E-989D-0EEE1350223E}.Ad-Hoc|x86.ActiveCfg = Release|x86
		{FF4652CC-7383-405E-989D-0EEE1350223E}.Ad-Hoc|x86.Build.0 = Release|x86
		{FF4652CC-7383-405E-989D-0EEE1350223E}.Ad-Hoc|x86.Deploy.0 = Release|x86
		{FF4652CC-7383-405E-989D-0EEE1350223E}.AppStore|Any CPU.ActiveCfg = Release|x86
		{FF4652CC-7383-405E-989D-0EEE1350223E}.AppStore|Any CPU.Build.0 = Release|x86
		{FF4652CC-7383-405E-989D-0EEE1350223E}.AppStore|Any CPU.Deploy.0 = Release|x86
		{FF4652CC-7383-405E-989D-0EEE1350223E}.AppStore|ARM.ActiveCfg = Release|ARM
		{FF4652CC-7383-405E-989D-0EEE1350223E}.AppStore|ARM.Build.0 = Release|ARM
		{FF4652CC-7383-405E-989D-0EEE1350223E}.AppStore|ARM.Deploy.0 = Release|ARM
		{FF4652CC-7383-405E-989D-0EEE1350223E}.AppStore|iPhone.ActiveCfg = Release|x86
		{FF4652CC-7383-405E-989D-0EEE1350223E}.AppStore|iPhone.Build.0 = Release|x86
		{FF4652CC-7383-405E-989D-0EEE1350223E}.AppStore|iPhone.Deploy.0 = Release|x86
		{FF4652CC-7383-405E-989D-0EEE1350223E}.AppStore|iPhoneSimulator.ActiveCfg = Release|x86
		{FF4652CC-7383-405E-989D-0EEE1350223E}.AppStore|iPhoneSimulator.Build.0 = Release|x86
		{FF4652CC-7383-405E-989D-0EEE1350223E}.AppStore|iPhoneSimulator.Deploy.0 = Release|x86
		{FF4652CC-7383-405E-989D-0EEE1350223E}.AppStore|x64.ActiveCfg = Release|x64
		{FF4652CC-7383-405E-989D-0EEE1350223E}.AppStore|x64.Build.0 = Release|x64
		{FF4652CC-7383-405E-989D-0EEE1350223E}.AppStore|x64.Deploy.0 = Release|x64
		{FF4652CC-7383-405E-989D-0EEE1350223E}.AppStore|x86.ActiveCfg = Release|x86
		{FF4652CC-7383-405E-989D-0EEE1350223E}.AppStore|x86.Build.0 = Release|x86
		{FF4652CC-7383-405E-989D-0EEE1350223E}.AppStore|x86.Deploy.0 = Release|x86
		{FF4652CC-7383-405E-989D-0EEE1350223E}.Debug|Any CPU.ActiveCfg = Debug|x86
		{FF4652CC-7383-405E-989D-0EEE1350223E}.Debug|Any CPU.Build.0 = Debug|x86
		{FF4652CC-7383-405E-989D-0EEE1350223E}.Debug|Any CPU.Deploy.0 = Debug|x86
		{FF4652CC-7383-405E-989D-0EEE1350223E}.Debug|ARM.ActiveCfg = Debug|ARM
		{FF4652CC-7383-405E-989D-0EEE1350223E}.Debug|ARM.Build.0 = Debug|ARM
		{FF4652CC-7383-405E-989D-0EEE1350223E}.Debug|ARM.Deploy.0 = Debug|ARM
		{FF4652CC-7383-405E-989D-0EEE1350223E}.Debug|iPhone.ActiveCfg = Debug|x86
		{FF4652CC-7383-405E-989D-0EEE1350223E}.Debug|iPhoneSimulator.ActiveCfg = Debug|x86
		{FF4652CC-7383-405E-989D-0EEE1350223E}.Debug|x64.ActiveCfg = Debug|x64
		{FF4652CC-7383-405E-989D-0EEE1350223E}.Debug|x64.Build.0 = Debug|x64
		{FF4652CC-7383-405E-989D-0EEE1350223E}.Debug|x64.Deploy.0 = Debug|x64
		{FF4652CC-7383-405E-989D-0EEE1350223E}.Debug|x86.ActiveCfg = Debug|x86
		{FF4652CC-7383-405E-989D-0EEE1350223E}.Debug|x86.Build.0 = Debug|x86
		{FF4652CC-7383-405E-989D-0EEE1350223E}.Debug|x86.Deploy.0 = Debug|x86
		{FF4652CC-7383-405E-989D-0EEE1350223E}.Release|Any CPU.ActiveCfg = Release|x86
		{FF4652CC-7383-405E-989D-0EEE1350223E}.Release|ARM.ActiveCfg = Release|ARM
		{FF4652CC-7383-405E-989D-0EEE1350223E}.Release|ARM.Build.0 = Release|ARM
		{FF4652CC-7383-405E-989D-0EEE1350223E}.Release|ARM.Deploy.0 = Release|ARM
		{FF4652CC-7383-405E-989D-0EEE1350223E}.Release|iPhone.ActiveCfg = Release|x86
		{FF4652CC-7383-405E-989D-0EEE1350223E}.Release|iPhoneSimulator.ActiveCfg = Release|x86
		{FF4652CC-7383-405E-989D-0EEE1350223E}.Release|x64.ActiveCfg = Release|x64
		{FF4652CC-7383-405E-989D-0EEE1350223E}.Release|x64.Build.0 = Release|x64
		{FF4652CC-7383-405E-989D-0EEE1350223E}.Release|x64.Deploy.0 = Release|x64
		{FF4652CC-7383-405E-989D-0EEE1350223E}.Release|x86.ActiveCfg = Release|x86
		{FF4652CC-7383-405E-989D-0EEE1350223E}.Release|x86.Build.0 = Release|x86
		{FF4652CC-7383-405E-989D-0EEE1350223E}.Release|x86.Deploy.0 = Release|x86
		{09F03A4A-FB76-44BD-94D6-839B2B4E63F5}.Ad-Hoc|Any CPU.ActiveCfg = Release|Any CPU
		{09F03A4A-FB76-44BD-94D6-839B2B4E63F5}.Ad-Hoc|Any CPU.Build.0 = Release|Any CPU
		{09F03A4A-FB76-44BD-94D6-839B2B4E63F5}.Ad-Hoc|Any CPU.Deploy.0 = Release|Any CPU
		{09F03A4A-FB76-44BD-94D6-839B2B4E63F5}.Ad-Hoc|ARM.ActiveCfg = Release|ARM
		{09F03A4A-FB76-44BD-94D6-839B2B4E63F5}.Ad-Hoc|ARM.Build.0 = Release|ARM
		{09F03A4A-FB76-44BD-94D6-839B2B4E63F5}.Ad-Hoc|ARM.Deploy.0 = Release|ARM
		{09F03A4A-FB76-44BD-94D6-839B2B4E63F5}.Ad-Hoc|iPhone.ActiveCfg = Release|Any CPU
		{09F03A4A-FB76-44BD-94D6-839B2B4E63F5}.Ad-Hoc|iPhone.Build.0 = Release|Any CPU
		{09F03A4A-FB76-44BD-94D6-839B2B4E63F5}.Ad-Hoc|iPhone.Deploy.0 = Release|Any CPU
		{09F03A4A-FB76-44BD-94D6-839B2B4E63F5}.Ad-Hoc|iPhoneSimulator.ActiveCfg = Release|Any CPU
		{09F03A4A-FB76-44BD-94D6-839B2B4E63F5}.Ad-Hoc|iPhoneSimulator.Build.0 = Release|Any CPU
		{09F03A4A-FB76-44BD-94D6-839B2B4E63F5}.Ad-Hoc|iPhoneSimulator.Deploy.0 = Release|Any CPU
		{09F03A4A-FB76-44BD-94D6-839B2B4E63F5}.Ad-Hoc|x64.ActiveCfg = Release|x64
		{09F03A4A-FB76-44BD-94D6-839B2B4E63F5}.Ad-Hoc|x64.Build.0 = Release|x64
		{09F03A4A-FB76-44BD-94D6-839B2B4E63F5}.Ad-Hoc|x64.Deploy.0 = Release|x64
		{09F03A4A-FB76-44BD-94D6-839B2B4E63F5}.Ad-Hoc|x86.ActiveCfg = Release|x86
		{09F03A4A-FB76-44BD-94D6-839B2B4E63F5}.Ad-Hoc|x86.Build.0 = Release|x86
		{09F03A4A-FB76-44BD-94D6-839B2B4E63F5}.Ad-Hoc|x86.Deploy.0 = Release|x86
		{09F03A4A-FB76-44BD-94D6-839B2B4E63F5}.AppStore|Any CPU.ActiveCfg = Release|Any CPU
		{09F03A4A-FB76-44BD-94D6-839B2B4E63F5}.AppStore|Any CPU.Build.0 = Release|Any CPU
		{09F03A4A-FB76-44BD-94D6-839B2B4E63F5}.AppStore|Any CPU.Deploy.0 = Release|Any CPU
		{09F03A4A-FB76-44BD-94D6-839B2B4E63F5}.AppStore|ARM.ActiveCfg = Release|ARM
		{09F03A4A-FB76-44BD-94D6-839B2B4E63F5}.AppStore|ARM.Build.0 = Release|ARM
		{09F03A4A-FB76-44BD-94D6-839B2B4E63F5}.AppStore|ARM.Deploy.0 = Release|ARM
		{09F03A4A-FB76-44BD-94D6-839B2B4E63F5}.AppStore|iPhone.ActiveCfg = Release|Any CPU
		{09F03A4A-FB76-44BD-94D6-839B2B4E63F5}.AppStore|iPhone.Build.0 = Release|Any CPU
		{09F03A4A-FB76-44BD-94D6-839B2B4E63F5}.AppStore|iPhone.Deploy.0 = Release|Any CPU
		{09F03A4A-FB76-44BD-94D6-839B2B4E63F5}.AppStore|iPhoneSimulator.ActiveCfg = Release|Any CPU
		{09F03A4A-FB76-44BD-94D6-839B2B4E63F5}.AppStore|iPhoneSimulator.Build.0 = Release|Any CPU
		{09F03A4A-FB76-44BD-94D6-839B2B4E63F5}.AppStore|iPhoneSimulator.Deploy.0 = Release|Any CPU
		{09F03A4A-FB76-44BD-94D6-839B2B4E63F5}.AppStore|x64.ActiveCfg = Release|x64
		{09F03A4A-FB76-44BD-94D6-839B2B4E63F5}.AppStore|x64.Build.0 = Release|x64
		{09F03A4A-FB76-44BD-94D6-839B2B4E63F5}.AppStore|x64.Deploy.0 = Release|x64
		{09F03A4A-FB76-44BD-94D6-839B2B4E63F5}.AppStore|x86.ActiveCfg = Release|x86
		{09F03A4A-FB76-44BD-94D6-839B2B4E63F5}.AppStore|x86.Build.0 = Release|x86
		{09F03A4A-FB76-44BD-94D6-839B2B4E63F5}.AppStore|x86.Deploy.0 = Release|x86
		{09F03A4A-FB76-44BD-94D6-839B2B4E63F5}.Debug|Any CPU.ActiveCfg = Debug|Any CPU
		{09F03A4A-FB76-44BD-94D6-839B2B4E63F5}.Debug|Any CPU.Build.0 = Debug|Any CPU
		{09F03A4A-FB76-44BD-94D6-839B2B4E63F5}.Debug|Any CPU.Deploy.0 = Debug|Any CPU
		{09F03A4A-FB76-44BD-94D6-839B2B4E63F5}.Debug|ARM.ActiveCfg = Debug|ARM
		{09F03A4A-FB76-44BD-94D6-839B2B4E63F5}.Debug|ARM.Build.0 = Debug|ARM
		{09F03A4A-FB76-44BD-94D6-839B2B4E63F5}.Debug|ARM.Deploy.0 = Debug|ARM
		{09F03A4A-FB76-44BD-94D6-839B2B4E63F5}.Debug|iPhone.ActiveCfg = Debug|Any CPU
		{09F03A4A-FB76-44BD-94D6-839B2B4E63F5}.Debug|iPhone.Build.0 = Debug|Any CPU
		{09F03A4A-FB76-44BD-94D6-839B2B4E63F5}.Debug|iPhone.Deploy.0 = Debug|Any CPU
		{09F03A4A-FB76-44BD-94D6-839B2B4E63F5}.Debug|iPhoneSimulator.ActiveCfg = Debug|Any CPU
		{09F03A4A-FB76-44BD-94D6-839B2B4E63F5}.Debug|iPhoneSimulator.Build.0 = Debug|Any CPU
		{09F03A4A-FB76-44BD-94D6-839B2B4E63F5}.Debug|iPhoneSimulator.Deploy.0 = Debug|Any CPU
		{09F03A4A-FB76-44BD-94D6-839B2B4E63F5}.Debug|x64.ActiveCfg = Debug|x64
		{09F03A4A-FB76-44BD-94D6-839B2B4E63F5}.Debug|x64.Build.0 = Debug|x64
		{09F03A4A-FB76-44BD-94D6-839B2B4E63F5}.Debug|x64.Deploy.0 = Debug|x64
		{09F03A4A-FB76-44BD-94D6-839B2B4E63F5}.Debug|x86.ActiveCfg = Debug|x86
		{09F03A4A-FB76-44BD-94D6-839B2B4E63F5}.Debug|x86.Build.0 = Debug|x86
		{09F03A4A-FB76-44BD-94D6-839B2B4E63F5}.Debug|x86.Deploy.0 = Debug|x86
		{09F03A4A-FB76-44BD-94D6-839B2B4E63F5}.Release|Any CPU.ActiveCfg = Release|Any CPU
		{09F03A4A-FB76-44BD-94D6-839B2B4E63F5}.Release|Any CPU.Build.0 = Release|Any CPU
		{09F03A4A-FB76-44BD-94D6-839B2B4E63F5}.Release|Any CPU.Deploy.0 = Release|Any CPU
		{09F03A4A-FB76-44BD-94D6-839B2B4E63F5}.Release|ARM.ActiveCfg = Release|ARM
		{09F03A4A-FB76-44BD-94D6-839B2B4E63F5}.Release|ARM.Build.0 = Release|ARM
		{09F03A4A-FB76-44BD-94D6-839B2B4E63F5}.Release|ARM.Deploy.0 = Release|ARM
		{09F03A4A-FB76-44BD-94D6-839B2B4E63F5}.Release|iPhone.ActiveCfg = Release|Any CPU
		{09F03A4A-FB76-44BD-94D6-839B2B4E63F5}.Release|iPhone.Build.0 = Release|Any CPU
		{09F03A4A-FB76-44BD-94D6-839B2B4E63F5}.Release|iPhone.Deploy.0 = Release|Any CPU
		{09F03A4A-FB76-44BD-94D6-839B2B4E63F5}.Release|iPhoneSimulator.ActiveCfg = Release|Any CPU
		{09F03A4A-FB76-44BD-94D6-839B2B4E63F5}.Release|iPhoneSimulator.Build.0 = Release|Any CPU
		{09F03A4A-FB76-44BD-94D6-839B2B4E63F5}.Release|iPhoneSimulator.Deploy.0 = Release|Any CPU
		{09F03A4A-FB76-44BD-94D6-839B2B4E63F5}.Release|x64.ActiveCfg = Release|x64
		{09F03A4A-FB76-44BD-94D6-839B2B4E63F5}.Release|x64.Build.0 = Release|x64
		{09F03A4A-FB76-44BD-94D6-839B2B4E63F5}.Release|x64.Deploy.0 = Release|x64
		{09F03A4A-FB76-44BD-94D6-839B2B4E63F5}.Release|x86.ActiveCfg = Release|x86
		{09F03A4A-FB76-44BD-94D6-839B2B4E63F5}.Release|x86.Build.0 = Release|x86
		{09F03A4A-FB76-44BD-94D6-839B2B4E63F5}.Release|x86.Deploy.0 = Release|x86
	EndGlobalSection
	GlobalSection(SolutionProperties) = preSolution
		HideSolutionNode = FALSE
	EndGlobalSection
EndGlobal
